
Microsoft Visual Studio Solution File, Format Version 12.00
# Visual Studio Version 17
VisualStudioVersion = 17.4.33213.308
MinimumVisualStudioVersion = 10.0.40219.1
Project("{FAE04EC0-301F-11D3-BF4B-00C04F79EFBC}") = "Pr2.EjercicioNo.7", "Pr2.EjercicioNo.7\Pr2.EjercicioNo.7.csproj", "{B835A710-5708-4572-AFBF-80BB350BA6CA}"
EndProject
Global
	GlobalSection(SolutionConfigurationPlatforms) = preSolution
		Debug|Any CPU = Debug|Any CPU
		Release|Any CPU = Release|Any CPU
	EndGlobalSection
	GlobalSection(ProjectConfigurationPlatforms) = postSolution
		{B835A710-5708-4572-AFBF-80BB350BA6CA}.Debug|Any CPU.ActiveCfg = Debug|Any CPU
		{B835A710-5708-4572-AFBF-80BB350BA6CA}.Debug|Any CPU.Build.0 = Debug|Any CPU
		{B835A710-5708-4572-AFBF-80BB350BA6CA}.Release|Any CPU.ActiveCfg = Release|Any CPU
		{B835A710-5708-4572-AFBF-80BB350BA6CA}.Release|Any CPU.Build.0 = Release|Any CPU
	EndGlobalSection
	GlobalSection(SolutionProperties) = preSolution
		HideSolutionNode = FALSE
	EndGlobalSection
	GlobalSection(ExtensibilityGlobals) = postSolution
		SolutionGuid = {6DD341A4-91F3-4D91-A433-6C17DBD97F4D}
	EndGlobalSection
EndGlobal
