
Microsoft Visual Studio Solution File, Format Version 12.00
# Visual Studio Version 17
VisualStudioVersion = 17.4.33213.308
MinimumVisualStudioVersion = 10.0.40219.1
Project("{FAE04EC0-301F-11D3-BF4B-00C04F79EFBC}") = "Pr2.EjercicioNo.5", "Pr2.EjercicioNo.5\Pr2.EjercicioNo.5.csproj", "{FC72E3C4-DDE5-4258-9B2F-2673EAAAC1D8}"
EndProject
Global
	GlobalSection(SolutionConfigurationPlatforms) = preSolution
		Debug|Any CPU = Debug|Any CPU
		Release|Any CPU = Release|Any CPU
	EndGlobalSection
	GlobalSection(ProjectConfigurationPlatforms) = postSolution
		{FC72E3C4-DDE5-4258-9B2F-2673EAAAC1D8}.Debug|Any CPU.ActiveCfg = Debug|Any CPU
		{FC72E3C4-DDE5-4258-9B2F-2673EAAAC1D8}.Debug|Any CPU.Build.0 = Debug|Any CPU
		{FC72E3C4-DDE5-4258-9B2F-2673EAAAC1D8}.Release|Any CPU.ActiveCfg = Release|Any CPU
		{FC72E3C4-DDE5-4258-9B2F-2673EAAAC1D8}.Release|Any CPU.Build.0 = Release|Any CPU
	EndGlobalSection
	GlobalSection(SolutionProperties) = preSolution
		HideSolutionNode = FALSE
	EndGlobalSection
	GlobalSection(ExtensibilityGlobals) = postSolution
		SolutionGuid = {3C1273BC-C0A3-4A2D-B6EC-3527AE166A74}
	EndGlobalSection
EndGlobal
