
Microsoft Visual Studio Solution File, Format Version 12.00
# Visual Studio Version 17
VisualStudioVersion = 17.4.33213.308
MinimumVisualStudioVersion = 10.0.40219.1
Project("{FAE04EC0-301F-11D3-BF4B-00C04F79EFBC}") = "Pr2.EjercicioNo.6", "Pr2.EjercicioNo.6\Pr2.EjercicioNo.6.csproj", "{EC3BDE41-6118-4A3C-838C-E7EF3D76BE2F}"
EndProject
Global
	GlobalSection(SolutionConfigurationPlatforms) = preSolution
		Debug|Any CPU = Debug|Any CPU
		Release|Any CPU = Release|Any CPU
	EndGlobalSection
	GlobalSection(ProjectConfigurationPlatforms) = postSolution
		{EC3BDE41-6118-4A3C-838C-E7EF3D76BE2F}.Debug|Any CPU.ActiveCfg = Debug|Any CPU
		{EC3BDE41-6118-4A3C-838C-E7EF3D76BE2F}.Debug|Any CPU.Build.0 = Debug|Any CPU
		{EC3BDE41-6118-4A3C-838C-E7EF3D76BE2F}.Release|Any CPU.ActiveCfg = Release|Any CPU
		{EC3BDE41-6118-4A3C-838C-E7EF3D76BE2F}.Release|Any CPU.Build.0 = Release|Any CPU
	EndGlobalSection
	GlobalSection(SolutionProperties) = preSolution
		HideSolutionNode = FALSE
	EndGlobalSection
	GlobalSection(ExtensibilityGlobals) = postSolution
		SolutionGuid = {AFD20418-76AB-4BC7-AF8D-F47920A801DE}
	EndGlobalSection
EndGlobal
